# This file is autogenerated, do not edit; changes may be undone by the next 'dep ensure'.


[[projects]]
  digest = "1:17e2b99f622792fcc12942bfc0f9089d1532f6dfc40878b44ae145b458fbab30"
  name = "github.com/looplab/fsm"
  packages = ["."]
  pruneopts = "UT"
  revision = "84b5307469f859464403f80919467950a79de1b1"
  version = "v0.1.0"

[solve-meta]
  analyzer-name = "dep"
  analyzer-version = 1
  input-imports = ["github.com/looplab/fsm"]
  solver-name = "gps-cdcl"
  solver-version = 1
